# This file is generated by running "yarn install" inside your project.
# Manual changes might be lost - proceed with caution!

__metadata:
  version: 4
  cacheKey: 7

"@discordjs/collection@npm:^0.1.6":
  version: 0.1.6
  resolution: "@discordjs/collection@npm:0.1.6"
  checksum: da87faf9975e9320a4aa5e8a78312849e4767eb5b0c3348612a0f2d07b5bad4bb91c8c65a5a8ffecc007574c5eebd4790d2e13880af6fd2ae865ba3161495f9a
  languageName: node
  linkType: hard

"@discordjs/form-data@npm:^3.0.1":
  version: 3.0.1
  resolution: "@discordjs/form-data@npm:3.0.1"
  dependencies:
    asynckit: ^0.4.0
    combined-stream: ^1.0.8
    mime-types: ^2.1.12
  checksum: 2ddf4c9bba170ea325cabae28d8d4f3e2e132a4eded64d242dbaafb514d0109c338a18bd0cab4d3464dca8f2da1c6ddc870ef96b89d7b5ed16f155cd171bf1a4
  languageName: node
  linkType: hard

"abort-controller@npm:^3.0.0":
  version: 3.0.0
  resolution: "abort-controller@npm:3.0.0"
  dependencies:
    event-target-shim: ^5.0.0
  checksum: cc53ad8df9a6de3f55d4f804fca5106908f855e47b572fb5ab3cdd723b76374686dcefa557a2f87d4396db77e31bc0e6ce9d48637388cef6d884c29ad2691448
  languageName: node
  linkType: hard

"asynckit@npm:^0.4.0":
  version: 0.4.0
  resolution: "asynckit@npm:0.4.0"
  checksum: a024000b9ddd938e2f27b3cb8188f96a5e1fff58185e98b84862fc4e01de279a547874a800340c2b106bb9de9b0fc61c6c683bc6892abf65e6be29a96addafd3
  languageName: node
  linkType: hard

"axios-rate-limit@npm:^1.2.1":
  version: 1.3.0
  resolution: "axios-rate-limit@npm:1.3.0"
  peerDependencies:
    axios: "*"
  checksum: cb3e93d25428902ad512d48ea2c5b5553e464411574f766512014e19201c8ba3ee3976e2ed1589cb225904999005a53efcc0ba6301e6297f7617c81957edf023
  languageName: node
  linkType: hard

"axios@npm:^0.21.0":
  version: 0.21.1
  resolution: "axios@npm:0.21.1"
  dependencies:
    follow-redirects: ^1.10.0
  checksum: 864fb7b5d077d236737f10adca53bf451a93f35a15271f56fba8da07265a02d26b7d881b935a6697dc6adb0549ea3e56d2eecb403edaa3bb78f6479901c10f69
  languageName: node
  linkType: hard

"call-of-duty-api@npm:^1.3.1":
  version: 1.3.1
  resolution: "call-of-duty-api@npm:1.3.1"
  dependencies:
    axios: ^0.21.0
    axios-rate-limit: ^1.2.1
    uniqid: ^5.2.0
  checksum: efd6337ef3bea7faf2f9194915fd5e653381243b036ebb0b3dc273f72ff96c50dd770ec606f0911907c573739127c4678e7ec4f17e4171887a5b7dec9a775f3f
  languageName: node
  linkType: hard

"combined-stream@npm:^1.0.8":
  version: 1.0.8
  resolution: "combined-stream@npm:1.0.8"
  dependencies:
    delayed-stream: ~1.0.0
  checksum: 5791ce7944530f0db74a97e77ea28b6fdbf89afcf038e41d6b4195019c4c803cd19ed2905a54959e5b3830d50bd5d6f93c681c6d3aaea8614ad43b48e62e9d65
  languageName: node
  linkType: hard

"delayed-stream@npm:~1.0.0":
  version: 1.0.0
  resolution: "delayed-stream@npm:1.0.0"
  checksum: d9dfb0a7c79fd308fada9db2cf29d1ff22047ceb50dd78f7e3c173567909b438f418259cb76a6d9c9f513e88ef41d3a14154f618741ec8368c3efeff616d0c9f
  languageName: node
  linkType: hard

"discord.js@npm:^12.5.1":
  version: 12.5.1
  resolution: "discord.js@npm:12.5.1"
  dependencies:
    "@discordjs/collection": ^0.1.6
    "@discordjs/form-data": ^3.0.1
    abort-controller: ^3.0.0
    node-fetch: ^2.6.1
    prism-media: ^1.2.2
    setimmediate: ^1.0.5
    tweetnacl: ^1.0.3
    ws: ^7.3.1
  checksum: 18850040f3b945b0d60a89ea38df31d1abcca2879abc171b3a44d0b9ce163e0ad0a0119e0e417630cf56609483af6c4b5235f77cc84ae1bee0a2869aff25fae3
  languageName: node
  linkType: hard

"event-target-shim@npm:^5.0.0":
  version: 5.0.1
  resolution: "event-target-shim@npm:5.0.1"
  checksum: d176477a31adf328ff50148886e46cef3f61ff8bdc1d6db161f6b3ead2501085d5652a81fab8dddc59aed93727231c0b5c8a0948de77ae401b2d977a3d18329e
  languageName: node
  linkType: hard

"follow-redirects@npm:^1.10.0":
  version: 1.13.1
  resolution: "follow-redirects@npm:1.13.1"
  peerDependenciesMeta:
    debug:
      optional: true
  checksum: c7c6c905876b939af04a1b27afa70e9c0ab5015d96f5ee49dd80db6952dc8c960b96a229647504468615d8a1a400da9bec9449e2aea9f9c6da6fdca0ba17d4c2
  languageName: node
  linkType: hard

"mime-db@npm:1.44.0":
  version: 1.44.0
  resolution: "mime-db@npm:1.44.0"
  checksum: b4e3b2141418572fba9786f7e36324faef15e23032ad0871f56760cb304ee721ba4c8cc795d3c1cac69a2a8b94045c1d6b08c4a8d1ef6ba1226a3a5193915c57
  languageName: node
  linkType: hard

"mime-types@npm:^2.1.12":
  version: 2.1.27
  resolution: "mime-types@npm:2.1.27"
  dependencies:
    mime-db: 1.44.0
  checksum: 51fe2f2c08c10ac7a2f67e2ce5de30f6500faa88d095418a1ab6e90e30960db7c682a8ecce60d3d4e293ac52c4700ca99399833db998ea9ec83d6f0503b70a94
  languageName: node
  linkType: hard

"node-fetch@npm:^2.6.1":
  version: 2.6.1
  resolution: "node-fetch@npm:2.6.1"
  checksum: cbb171635e538162b977eac5dfe7a1e07a9a02e991924377a6435502291e2f823d306b95aabc455caebf4a118ccf836868462bc70ccc3095af02bb9da61fda37
  languageName: node
  linkType: hard

"prism-media@npm:^1.2.2":
  version: 1.2.3
  resolution: "prism-media@npm:1.2.3"
  peerDependencies:
    "@discordjs/opus": ^0.3.3
    ffmpeg-static: ^4.2.7 || ^3.0.0 || ^2.4.0
    node-opus: ^0.3.3
    opusscript: ^0.0.7
  peerDependenciesMeta:
    "@discordjs/opus":
      optional: true
    ffmpeg-static:
      optional: true
    node-opus:
      optional: true
    opusscript:
      optional: true
  checksum: 337cfb80dba36ffb96989b3b6832cf1e46b0706da73ebb3d3de6a6d1429302e318961ee5cc048ea3e997c23c543e950d08a20a89cadc84ec37b2b0a856946397
  languageName: node
  linkType: hard

"services@link:./services::locator=warzone-discord-bot%40workspace%3A.":
  version: 0.0.0-use.local
  resolution: "services@link:./services::locator=warzone-discord-bot%40workspace%3A."
  languageName: node
  linkType: soft

"setimmediate@npm:^1.0.5":
  version: 1.0.5
  resolution: "setimmediate@npm:1.0.5"
  checksum: 87884d8add4779fe47ccf763396a5bf875640ae34d80a10802da4de5c25d87647c12f6e7748fd5b8c143b57201caf2a5a781631456c228825f166ca305c12f20
  languageName: node
  linkType: hard

"tweetnacl@npm:^1.0.3":
  version: 1.0.3
  resolution: "tweetnacl@npm:1.0.3"
  checksum: 1188f3ef85db04d6dba632d211e481ae0a5805974491633ff60bd56ae3362312dfea1515e0d200685867b69ff212e8778e26923f8203e3c335064b07f620a6c7
  languageName: node
  linkType: hard

"uniqid@npm:^5.2.0":
  version: 5.2.0
  resolution: "uniqid@npm:5.2.0"
  checksum: 4def0152d1b7825207d533ac0b8469406becff7b3c8d583893156542ea1a0f01e7e33cf98068575c3e1b91a0c81b4e491114d9e10383e510ccff2feea78af9b4
  languageName: node
  linkType: hard

"warzone-discord-bot@workspace:.":
  version: 0.0.0-use.local
  resolution: "warzone-discord-bot@workspace:."
  dependencies:
    call-of-duty-api: ^1.3.1
    discord.js: ^12.5.1
    services: "link:./services"
  languageName: unknown
  linkType: soft

"ws@npm:^7.3.1":
  version: 7.4.1
  resolution: "ws@npm:7.4.1"
  peerDependencies:
    bufferutil: ^4.0.1
    utf-8-validate: ^5.0.2
  peerDependenciesMeta:
    bufferutil:
      optional: true
    utf-8-validate:
      optional: true
  checksum: 32b4f83bfeeca2b98d31c2d11c87a11c6e83f9285937e4a8267eb0ccaba479952a70c8b2ba39d0304236043c37a9bdf45cf2e5a1c28f19a77838e4e0b7f37593
  languageName: node
  linkType: hard
